
Microsoft Visual Studio Solution File, Format Version 12.00
# Visual Studio Version 17
VisualStudioVersion = 17.0.31919.166
MinimumVisualStudioVersion = 10.0.40219.1
Project("{9A19103F-16F7-4668-BE54-9A1E7A4F7556}") = "DesignPatternDemo", "DesignPatternDemo\DesignPatternDemo.csproj", "{6F4D0AFA-94F5-463C-92B0-EB19A9927D22}"
EndProject
Project("{9A19103F-16F7-4668-BE54-9A1E7A4F7556}") = "StrategyPattern", "StrategyPattern\StrategyPattern.csproj", "{BE923798-BB87-4000-BFD6-FC5EC49E8E9D}"
EndProject
Project("{9A19103F-16F7-4668-BE54-9A1E7A4F7556}") = "ObserverPattern", "ObserverPattern\ObserverPattern.csproj", "{6D94BA37-1445-4E57-A440-D4BCBD3C29CE}"
EndProject
Project("{9A19103F-16F7-4668-BE54-9A1E7A4F7556}") = "SingletonPattern", "SingletonPattern\SingletonPattern.csproj", "{68D903E8-0CA2-43EB-9A1B-0BD591C2E0EF}"
EndProject
Project("{9A19103F-16F7-4668-BE54-9A1E7A4F7556}") = "DecoratorPattern", "DecoratorPattern\DecoratorPattern.csproj", "{F0EC4479-C082-4649-9471-EACC2012BE6D}"
EndProject
Project("{FAE04EC0-301F-11D3-BF4B-00C04F79EFBC}") = "BuilderPattern", "BuilderPattern\BuilderPattern.csproj", "{5B64FABA-75BB-460E-A869-15A84DD1B112}"
EndProject
Global
	GlobalSection(SolutionConfigurationPlatforms) = preSolution
		Debug|Any CPU = Debug|Any CPU
		Release|Any CPU = Release|Any CPU
	EndGlobalSection
	GlobalSection(ProjectConfigurationPlatforms) = postSolution
		{6F4D0AFA-94F5-463C-92B0-EB19A9927D22}.Debug|Any CPU.ActiveCfg = Debug|Any CPU
		{6F4D0AFA-94F5-463C-92B0-EB19A9927D22}.Debug|Any CPU.Build.0 = Debug|Any CPU
		{6F4D0AFA-94F5-463C-92B0-EB19A9927D22}.Release|Any CPU.ActiveCfg = Release|Any CPU
		{6F4D0AFA-94F5-463C-92B0-EB19A9927D22}.Release|Any CPU.Build.0 = Release|Any CPU
		{BE923798-BB87-4000-BFD6-FC5EC49E8E9D}.Debug|Any CPU.ActiveCfg = Debug|Any CPU
		{BE923798-BB87-4000-BFD6-FC5EC49E8E9D}.Debug|Any CPU.Build.0 = Debug|Any CPU
		{BE923798-BB87-4000-BFD6-FC5EC49E8E9D}.Release|Any CPU.ActiveCfg = Release|Any CPU
		{BE923798-BB87-4000-BFD6-FC5EC49E8E9D}.Release|Any CPU.Build.0 = Release|Any CPU
		{6D94BA37-1445-4E57-A440-D4BCBD3C29CE}.Debug|Any CPU.ActiveCfg = Debug|Any CPU
		{6D94BA37-1445-4E57-A440-D4BCBD3C29CE}.Debug|Any CPU.Build.0 = Debug|Any CPU
		{6D94BA37-1445-4E57-A440-D4BCBD3C29CE}.Release|Any CPU.ActiveCfg = Release|Any CPU
		{6D94BA37-1445-4E57-A440-D4BCBD3C29CE}.Release|Any CPU.Build.0 = Release|Any CPU
		{68D903E8-0CA2-43EB-9A1B-0BD591C2E0EF}.Debug|Any CPU.ActiveCfg = Debug|Any CPU
		{68D903E8-0CA2-43EB-9A1B-0BD591C2E0EF}.Debug|Any CPU.Build.0 = Debug|Any CPU
		{68D903E8-0CA2-43EB-9A1B-0BD591C2E0EF}.Release|Any CPU.ActiveCfg = Release|Any CPU
		{68D903E8-0CA2-43EB-9A1B-0BD591C2E0EF}.Release|Any CPU.Build.0 = Release|Any CPU
		{F0EC4479-C082-4649-9471-EACC2012BE6D}.Debug|Any CPU.ActiveCfg = Debug|Any CPU
		{F0EC4479-C082-4649-9471-EACC2012BE6D}.Debug|Any CPU.Build.0 = Debug|Any CPU
		{F0EC4479-C082-4649-9471-EACC2012BE6D}.Release|Any CPU.ActiveCfg = Release|Any CPU
		{F0EC4479-C082-4649-9471-EACC2012BE6D}.Release|Any CPU.Build.0 = Release|Any CPU
		{5B64FABA-75BB-460E-A869-15A84DD1B112}.Debug|Any CPU.ActiveCfg = Debug|Any CPU
		{5B64FABA-75BB-460E-A869-15A84DD1B112}.Debug|Any CPU.Build.0 = Debug|Any CPU
		{5B64FABA-75BB-460E-A869-15A84DD1B112}.Release|Any CPU.ActiveCfg = Release|Any CPU
		{5B64FABA-75BB-460E-A869-15A84DD1B112}.Release|Any CPU.Build.0 = Release|Any CPU
	EndGlobalSection
	GlobalSection(SolutionProperties) = preSolution
		HideSolutionNode = FALSE
	EndGlobalSection
	GlobalSection(ExtensibilityGlobals) = postSolution
		SolutionGuid = {58E9B954-8C29-4A22-AB94-011310BF1457}
	EndGlobalSection
EndGlobal
